
Microsoft Visual Studio Solution File, Format Version 12.00
# Visual Studio Version 17
VisualStudioVersion = 17.1.32319.34
MinimumVisualStudioVersion = 10.0.40219.1
Project("{9A19103F-16F7-4668-BE54-9A1E7A4F7556}") = "FactoryMethod", "FactoryMethod\FactoryMethod.csproj", "{6F8D1CBF-C2B3-431D-B153-2A86B056DF5D}"
EndProject
Project("{9A19103F-16F7-4668-BE54-9A1E7A4F7556}") = "Prototype", "Prototype\Prototype.csproj", "{EC1B94FE-FF01-41EE-8795-D478D72602C1}"
EndProject
Project("{9A19103F-16F7-4668-BE54-9A1E7A4F7556}") = "AbstractFactory", "AbstractFactory\AbstractFactory.csproj", "{38903337-324C-439D-90A6-64B82EA9E8D4}"
EndProject
Project("{9A19103F-16F7-4668-BE54-9A1E7A4F7556}") = "Singleton", "Singleton\Singleton.csproj", "{A2B4ECDE-A3A5-476D-9D2C-8F48042B984D}"
EndProject
Project("{9A19103F-16F7-4668-BE54-9A1E7A4F7556}") = "Builder", "Builder\Builder.csproj", "{E39E4D29-30E3-4295-A2FB-E7A745FAE574}"
EndProject
Project("{9A19103F-16F7-4668-BE54-9A1E7A4F7556}") = "Adapter", "Adapter\Adapter.csproj", "{97783A36-188F-496A-8EF5-A70A6FE07D9F}"
EndProject
Project("{9A19103F-16F7-4668-BE54-9A1E7A4F7556}") = "Composite", "Composite\Composite.csproj", "{53EAC1C0-FCC8-48A4-8ED0-3CABA457F4C2}"
EndProject
Project("{9A19103F-16F7-4668-BE54-9A1E7A4F7556}") = "Bridge", "Bridge\Bridge.csproj", "{603EEF34-6030-4E6B-A8B6-7CBA40451008}"
EndProject
Project("{9A19103F-16F7-4668-BE54-9A1E7A4F7556}") = "Decorator", "Decorator\Decorator.csproj", "{0525417C-CDD5-4186-8D70-45B6B98432E8}"
EndProject
Project("{9A19103F-16F7-4668-BE54-9A1E7A4F7556}") = "Facade", "Facade\Facade.csproj", "{D5119DEC-B629-41B3-ABE4-27C21BB9BAE1}"
EndProject
Project("{FAE04EC0-301F-11D3-BF4B-00C04F79EFBC}") = "Flyweight", "Flyweight\Flyweight.csproj", "{BF76F626-84DC-4DDD-9E6E-4908A4CBC339}"
EndProject
Project("{FAE04EC0-301F-11D3-BF4B-00C04F79EFBC}") = "Proxy", "Proxy\Proxy.csproj", "{F0534049-15B4-4295-A1D6-0299DA224CB3}"
EndProject
Project("{FAE04EC0-301F-11D3-BF4B-00C04F79EFBC}") = "ChainOfResponsibility", "ChainOfResponsibility\ChainOfResponsibility.csproj", "{DD9E413B-95BA-41F1-B50E-6E37FE479142}"
EndProject
Global
	GlobalSection(SolutionConfigurationPlatforms) = preSolution
		Debug|Any CPU = Debug|Any CPU
		Release|Any CPU = Release|Any CPU
	EndGlobalSection
	GlobalSection(ProjectConfigurationPlatforms) = postSolution
		{6F8D1CBF-C2B3-431D-B153-2A86B056DF5D}.Debug|Any CPU.ActiveCfg = Debug|Any CPU
		{6F8D1CBF-C2B3-431D-B153-2A86B056DF5D}.Debug|Any CPU.Build.0 = Debug|Any CPU
		{6F8D1CBF-C2B3-431D-B153-2A86B056DF5D}.Release|Any CPU.ActiveCfg = Release|Any CPU
		{6F8D1CBF-C2B3-431D-B153-2A86B056DF5D}.Release|Any CPU.Build.0 = Release|Any CPU
		{EC1B94FE-FF01-41EE-8795-D478D72602C1}.Debug|Any CPU.ActiveCfg = Debug|Any CPU
		{EC1B94FE-FF01-41EE-8795-D478D72602C1}.Debug|Any CPU.Build.0 = Debug|Any CPU
		{EC1B94FE-FF01-41EE-8795-D478D72602C1}.Release|Any CPU.ActiveCfg = Release|Any CPU
		{EC1B94FE-FF01-41EE-8795-D478D72602C1}.Release|Any CPU.Build.0 = Release|Any CPU
		{38903337-324C-439D-90A6-64B82EA9E8D4}.Debug|Any CPU.ActiveCfg = Debug|Any CPU
		{38903337-324C-439D-90A6-64B82EA9E8D4}.Debug|Any CPU.Build.0 = Debug|Any CPU
		{38903337-324C-439D-90A6-64B82EA9E8D4}.Release|Any CPU.ActiveCfg = Release|Any CPU
		{38903337-324C-439D-90A6-64B82EA9E8D4}.Release|Any CPU.Build.0 = Release|Any CPU
		{A2B4ECDE-A3A5-476D-9D2C-8F48042B984D}.Debug|Any CPU.ActiveCfg = Debug|Any CPU
		{A2B4ECDE-A3A5-476D-9D2C-8F48042B984D}.Debug|Any CPU.Build.0 = Debug|Any CPU
		{A2B4ECDE-A3A5-476D-9D2C-8F48042B984D}.Release|Any CPU.ActiveCfg = Release|Any CPU
		{A2B4ECDE-A3A5-476D-9D2C-8F48042B984D}.Release|Any CPU.Build.0 = Release|Any CPU
		{E39E4D29-30E3-4295-A2FB-E7A745FAE574}.Debug|Any CPU.ActiveCfg = Debug|Any CPU
		{E39E4D29-30E3-4295-A2FB-E7A745FAE574}.Debug|Any CPU.Build.0 = Debug|Any CPU
		{E39E4D29-30E3-4295-A2FB-E7A745FAE574}.Release|Any CPU.ActiveCfg = Release|Any CPU
		{E39E4D29-30E3-4295-A2FB-E7A745FAE574}.Release|Any CPU.Build.0 = Release|Any CPU
		{97783A36-188F-496A-8EF5-A70A6FE07D9F}.Debug|Any CPU.ActiveCfg = Debug|Any CPU
		{97783A36-188F-496A-8EF5-A70A6FE07D9F}.Debug|Any CPU.Build.0 = Debug|Any CPU
		{97783A36-188F-496A-8EF5-A70A6FE07D9F}.Release|Any CPU.ActiveCfg = Release|Any CPU
		{97783A36-188F-496A-8EF5-A70A6FE07D9F}.Release|Any CPU.Build.0 = Release|Any CPU
		{53EAC1C0-FCC8-48A4-8ED0-3CABA457F4C2}.Debug|Any CPU.ActiveCfg = Debug|Any CPU
		{53EAC1C0-FCC8-48A4-8ED0-3CABA457F4C2}.Debug|Any CPU.Build.0 = Debug|Any CPU
		{53EAC1C0-FCC8-48A4-8ED0-3CABA457F4C2}.Release|Any CPU.ActiveCfg = Release|Any CPU
		{53EAC1C0-FCC8-48A4-8ED0-3CABA457F4C2}.Release|Any CPU.Build.0 = Release|Any CPU
		{603EEF34-6030-4E6B-A8B6-7CBA40451008}.Debug|Any CPU.ActiveCfg = Debug|Any CPU
		{603EEF34-6030-4E6B-A8B6-7CBA40451008}.Debug|Any CPU.Build.0 = Debug|Any CPU
		{603EEF34-6030-4E6B-A8B6-7CBA40451008}.Release|Any CPU.ActiveCfg = Release|Any CPU
		{603EEF34-6030-4E6B-A8B6-7CBA40451008}.Release|Any CPU.Build.0 = Release|Any CPU
		{0525417C-CDD5-4186-8D70-45B6B98432E8}.Debug|Any CPU.ActiveCfg = Debug|Any CPU
		{0525417C-CDD5-4186-8D70-45B6B98432E8}.Debug|Any CPU.Build.0 = Debug|Any CPU
		{0525417C-CDD5-4186-8D70-45B6B98432E8}.Release|Any CPU.ActiveCfg = Release|Any CPU
		{0525417C-CDD5-4186-8D70-45B6B98432E8}.Release|Any CPU.Build.0 = Release|Any CPU
		{D5119DEC-B629-41B3-ABE4-27C21BB9BAE1}.Debug|Any CPU.ActiveCfg = Debug|Any CPU
		{D5119DEC-B629-41B3-ABE4-27C21BB9BAE1}.Debug|Any CPU.Build.0 = Debug|Any CPU
		{D5119DEC-B629-41B3-ABE4-27C21BB9BAE1}.Release|Any CPU.ActiveCfg = Release|Any CPU
		{D5119DEC-B629-41B3-ABE4-27C21BB9BAE1}.Release|Any CPU.Build.0 = Release|Any CPU
		{BF76F626-84DC-4DDD-9E6E-4908A4CBC339}.Debug|Any CPU.ActiveCfg = Debug|Any CPU
		{BF76F626-84DC-4DDD-9E6E-4908A4CBC339}.Debug|Any CPU.Build.0 = Debug|Any CPU
		{BF76F626-84DC-4DDD-9E6E-4908A4CBC339}.Release|Any CPU.ActiveCfg = Release|Any CPU
		{BF76F626-84DC-4DDD-9E6E-4908A4CBC339}.Release|Any CPU.Build.0 = Release|Any CPU
		{F0534049-15B4-4295-A1D6-0299DA224CB3}.Debug|Any CPU.ActiveCfg = Debug|Any CPU
		{F0534049-15B4-4295-A1D6-0299DA224CB3}.Debug|Any CPU.Build.0 = Debug|Any CPU
		{F0534049-15B4-4295-A1D6-0299DA224CB3}.Release|Any CPU.ActiveCfg = Release|Any CPU
		{F0534049-15B4-4295-A1D6-0299DA224CB3}.Release|Any CPU.Build.0 = Release|Any CPU
		{DD9E413B-95BA-41F1-B50E-6E37FE479142}.Debug|Any CPU.ActiveCfg = Debug|Any CPU
		{DD9E413B-95BA-41F1-B50E-6E37FE479142}.Debug|Any CPU.Build.0 = Debug|Any CPU
		{DD9E413B-95BA-41F1-B50E-6E37FE479142}.Release|Any CPU.ActiveCfg = Release|Any CPU
		{DD9E413B-95BA-41F1-B50E-6E37FE479142}.Release|Any CPU.Build.0 = Release|Any CPU
	EndGlobalSection
	GlobalSection(SolutionProperties) = preSolution
		HideSolutionNode = FALSE
	EndGlobalSection
	GlobalSection(ExtensibilityGlobals) = postSolution
		SolutionGuid = {CAE490E7-BF01-4507-8526-63D404C35AEA}
	EndGlobalSection
EndGlobal
